
Microsoft Visual Studio Solution File, Format Version 12.00
VisualStudioVersion = 17.0.31815.197
MinimumVisualStudioVersion = 10.0.40219.1
Project("{9A19103F-16F7-4668-BE54-9A1E7A4F7556}") = "zip2", "src\zip2\zip2.csproj", "{01D04D08-C942-48CF-B80F-F1976739B6FB}"
EndProject
Project("{9A19103F-16F7-4668-BE54-9A1E7A4F7556}") = "ICSharpCode.SharpZipLib", "src\ICSharpCode.SharpZipLib\ICSharpCode.SharpZipLib.csproj", "{E3F1E3B0-CA3B-439A-9A17-D73CBD5AB320}"
EndProject
Global
	GlobalSection(SolutionConfigurationPlatforms) = preSolution
		Debug|Any CPU = Debug|Any CPU
		Release|Any CPU = Release|Any CPU
	EndGlobalSection
	GlobalSection(ProjectConfigurationPlatforms) = postSolution
		{01D04D08-C942-48CF-B80F-F1976739B6FB}.Debug|Any CPU.ActiveCfg = Debug|Any CPU
		{01D04D08-C942-48CF-B80F-F1976739B6FB}.Debug|Any CPU.Build.0 = Debug|Any CPU
		{01D04D08-C942-48CF-B80F-F1976739B6FB}.Release|Any CPU.ActiveCfg = Release|Any CPU
		{01D04D08-C942-48CF-B80F-F1976739B6FB}.Release|Any CPU.Build.0 = Release|Any CPU
		{E3F1E3B0-CA3B-439A-9A17-D73CBD5AB320}.Debug|Any CPU.ActiveCfg = Debug|Any CPU
		{E3F1E3B0-CA3B-439A-9A17-D73CBD5AB320}.Debug|Any CPU.Build.0 = Debug|Any CPU
		{E3F1E3B0-CA3B-439A-9A17-D73CBD5AB320}.Release|Any CPU.ActiveCfg = Release|Any CPU
		{E3F1E3B0-CA3B-439A-9A17-D73CBD5AB320}.Release|Any CPU.Build.0 = Release|Any CPU
	EndGlobalSection
	GlobalSection(SolutionProperties) = preSolution
		HideSolutionNode = FALSE
	EndGlobalSection
	GlobalSection(ExtensibilityGlobals) = postSolution
		SolutionGuid = {3462BE32-EFE6-4A95-B4A3-7DAB7142D1FC}
	EndGlobalSection
EndGlobal
